
Microsoft Visual Studio Solution File, Format Version 12.00
# Visual Studio 15
VisualStudioVersion = 15.0.26730.16
MinimumVisualStudioVersion = 10.0.40219.1
Project("{FAE04EC0-301F-11D3-BF4B-00C04F79EFBC}") = "CalculatingPi", "CalculatingPi\CalculatingPi.csproj", "{09D112AB-CC01-46A4-8424-B094F648A269}"
EndProject
Global
	GlobalSection(SolutionConfigurationPlatforms) = preSolution
		Debug|Any CPU = Debug|Any CPU
		Release|Any CPU = Release|Any CPU
	EndGlobalSection
	GlobalSection(ProjectConfigurationPlatforms) = postSolution
		{09D112AB-CC01-46A4-8424-B094F648A269}.Debug|Any CPU.ActiveCfg = Debug|Any CPU
		{09D112AB-CC01-46A4-8424-B094F648A269}.Debug|Any CPU.Build.0 = Debug|Any CPU
		{09D112AB-CC01-46A4-8424-B094F648A269}.Release|Any CPU.ActiveCfg = Release|Any CPU
		{09D112AB-CC01-46A4-8424-B094F648A269}.Release|Any CPU.Build.0 = Release|Any CPU
	EndGlobalSection
	GlobalSection(SolutionProperties) = preSolution
		HideSolutionNode = FALSE
	EndGlobalSection
	GlobalSection(ExtensibilityGlobals) = postSolution
		SolutionGuid = {DD30993E-9D61-4678-B0C9-8D02E48066C9}
	EndGlobalSection
EndGlobal
